
Microsoft Visual Studio Solution File, Format Version 12.00
# Visual Studio Version 16
VisualStudioVersion = 16.0.31727.386
MinimumVisualStudioVersion = 10.0.40219.1
Project("{FAE04EC0-301F-11D3-BF4B-00C04F79EFBC}") = "SWCC.WCFEmployee", "SWCC.WCFEmployee\SWCC.WCFEmployee.csproj", "{34DE02CE-D00C-4ECA-AE3C-391017D9A85A}"
EndProject
Global
	GlobalSection(SolutionConfigurationPlatforms) = preSolution
		Debug|Any CPU = Debug|Any CPU
		Release|Any CPU = Release|Any CPU
	EndGlobalSection
	GlobalSection(ProjectConfigurationPlatforms) = postSolution
		{34DE02CE-D00C-4ECA-AE3C-391017D9A85A}.Debug|Any CPU.ActiveCfg = Debug|Any CPU
		{34DE02CE-D00C-4ECA-AE3C-391017D9A85A}.Debug|Any CPU.Build.0 = Debug|Any CPU
		{34DE02CE-D00C-4ECA-AE3C-391017D9A85A}.Release|Any CPU.ActiveCfg = Release|Any CPU
		{34DE02CE-D00C-4ECA-AE3C-391017D9A85A}.Release|Any CPU.Build.0 = Release|Any CPU
	EndGlobalSection
	GlobalSection(SolutionProperties) = preSolution
		HideSolutionNode = FALSE
	EndGlobalSection
	GlobalSection(ExtensibilityGlobals) = postSolution
		SolutionGuid = {D9E97E5D-AC4C-405D-8321-9D899DC83E54}
	EndGlobalSection
EndGlobal
